
Microsoft Visual Studio Solution File, Format Version 12.00
# Visual Studio Version 17
VisualStudioVersion = 17.14.36414.22 d17.14
MinimumVisualStudioVersion = 10.0.40219.1
Project("{FAE04EC0-301F-11D3-BF4B-00C04F79EFBC}") = "Assignment 2", "Assignment 2\Assignment 2.csproj", "{8F75FF28-1F61-4931-BA65-540751B95FE8}"
EndProject
Global
	GlobalSection(SolutionConfigurationPlatforms) = preSolution
		Debug|Any CPU = Debug|Any CPU
		Release|Any CPU = Release|Any CPU
	EndGlobalSection
	GlobalSection(ProjectConfigurationPlatforms) = postSolution
		{8F75FF28-1F61-4931-BA65-540751B95FE8}.Debug|Any CPU.ActiveCfg = Debug|Any CPU
		{8F75FF28-1F61-4931-BA65-540751B95FE8}.Debug|Any CPU.Build.0 = Debug|Any CPU
		{8F75FF28-1F61-4931-BA65-540751B95FE8}.Release|Any CPU.ActiveCfg = Release|Any CPU
		{8F75FF28-1F61-4931-BA65-540751B95FE8}.Release|Any CPU.Build.0 = Release|Any CPU
	EndGlobalSection
	GlobalSection(SolutionProperties) = preSolution
		HideSolutionNode = FALSE
	EndGlobalSection
	GlobalSection(ExtensibilityGlobals) = postSolution
		SolutionGuid = {DAF286FC-9588-4972-B754-670BB1554AD9}
	EndGlobalSection
EndGlobal
